// !$*UTF8*$!
{
	archiveVersion = 1;
	classes = {
	};
	objectVersion = 51;
	objects = {

/* Begin PBXBuildFile section */
		4AA9C4A1CBFAD7085FBB7D45 /* Pods_FTUIDemo.framework in Frameworks */ = {isa = PBXBuildFile; fileRef = 94A6B095643B5FD1CDF755E8 /* Pods_FTUIDemo.framework */; };
		B9077FAB09C81D822896940A /* Pods_FTUIDemo_FTUIDemoUITests.framework in Frameworks */ = {isa = PBXBuildFile; fileRef = BCE9181E0C24D2E28189EE06 /* Pods_FTUIDemo_FTUIDemoUITests.framework */; };
		BAD7B4ED2664B83600CDAA48 /* FTLabel.m in Sources */ = {isa = PBXBuildFile; fileRef = BAD7B4EC2664B83600CDAA48 /* FTLabel.m */; };
		BAE8C2CC2660B799001604B3 /* AppDelegate.m in Sources */ = {isa = PBXBuildFile; fileRef = BAE8C2CB2660B799001604B3 /* AppDelegate.m */; };
		BAE8C2CF2660B799001604B3 /* SceneDelegate.m in Sources */ = {isa = PBXBuildFile; fileRef = BAE8C2CE2660B799001604B3 /* SceneDelegate.m */; };
		BAE8C2D22660B799001604B3 /* ViewController.m in Sources */ = {isa = PBXBuildFile; fileRef = BAE8C2D12660B799001604B3 /* ViewController.m */; };
		BAE8C2D52660B799001604B3 /* Main.storyboard in Resources */ = {isa = PBXBuildFile; fileRef = BAE8C2D32660B799001604B3 /* Main.storyboard */; };
		BAE8C2D72660B79B001604B3 /* Assets.xcassets in Resources */ = {isa = PBXBuildFile; fileRef = BAE8C2D62660B79B001604B3 /* Assets.xcassets */; };
		BAE8C2DA2660B79B001604B3 /* LaunchScreen.storyboard in Resources */ = {isa = PBXBuildFile; fileRef = BAE8C2D82660B79B001604B3 /* LaunchScreen.storyboard */; };
		BAE8C2DD2660B79B001604B3 /* main.m in Sources */ = {isa = PBXBuildFile; fileRef = BAE8C2DC2660B79B001604B3 /* main.m */; };
		BAE8C2E72660B79C001604B3 /* FTUIDemoTests.m in Sources */ = {isa = PBXBuildFile; fileRef = BAE8C2E62660B79C001604B3 /* FTUIDemoTests.m */; };
		BAE8C2F22660B79C001604B3 /* FTUIDemoUITests.m in Sources */ = {isa = PBXBuildFile; fileRef = BAE8C2F12660B79C001604B3 /* FTUIDemoUITests.m */; };
		F69E618989A88725E6D55120 /* Pods_FTUIDemoTests.framework in Frameworks */ = {isa = PBXBuildFile; fileRef = 1A47BD3A3E74871785E5DF72 /* Pods_FTUIDemoTests.framework */; };
/* End PBXBuildFile section */

/* Begin PBXContainerItemProxy section */
		BAE8C2E32660B79C001604B3 /* PBXContainerItemProxy */ = {
			isa = PBXContainerItemProxy;
			containerPortal = BAE8C2BF2660B799001604B3 /* Project object */;
			proxyType = 1;
			remoteGlobalIDString = BAE8C2C62660B799001604B3;
			remoteInfo = FTUIDemo;
		};
		BAE8C2EE2660B79C001604B3 /* PBXContainerItemProxy */ = {
			isa = PBXContainerItemProxy;
			containerPortal = BAE8C2BF2660B799001604B3 /* Project object */;
			proxyType = 1;
			remoteGlobalIDString = BAE8C2C62660B799001604B3;
			remoteInfo = FTUIDemo;
		};
/* End PBXContainerItemProxy section */

/* Begin PBXFileReference section */
		1A47BD3A3E74871785E5DF72 /* Pods_FTUIDemoTests.framework */ = {isa = PBXFileReference; explicitFileType = wrapper.framework; includeInIndex = 0; path = Pods_FTUIDemoTests.framework; sourceTree = BUILT_PRODUCTS_DIR; };
		4EBC9ACAC93E32967A46CF14 /* Pods-FTUIDemo-FTUIDemoUITests.debug.xcconfig */ = {isa = PBXFileReference; includeInIndex = 1; lastKnownFileType = text.xcconfig; name = "Pods-FTUIDemo-FTUIDemoUITests.debug.xcconfig"; path = "Target Support Files/Pods-FTUIDemo-FTUIDemoUITests/Pods-FTUIDemo-FTUIDemoUITests.debug.xcconfig"; sourceTree = "<group>"; };
		57E76041B106645619FDD3C5 /* Pods-FTUIDemoTests.debug.xcconfig */ = {isa = PBXFileReference; includeInIndex = 1; lastKnownFileType = text.xcconfig; name = "Pods-FTUIDemoTests.debug.xcconfig"; path = "Target Support Files/Pods-FTUIDemoTests/Pods-FTUIDemoTests.debug.xcconfig"; sourceTree = "<group>"; };
		5981D17590169881C92180EC /* Pods-FTUIDemo.release.xcconfig */ = {isa = PBXFileReference; includeInIndex = 1; lastKnownFileType = text.xcconfig; name = "Pods-FTUIDemo.release.xcconfig"; path = "Target Support Files/Pods-FTUIDemo/Pods-FTUIDemo.release.xcconfig"; sourceTree = "<group>"; };
		6873C50167EA4A892DD871E5 /* Pods-FTUIDemoTests.release.xcconfig */ = {isa = PBXFileReference; includeInIndex = 1; lastKnownFileType = text.xcconfig; name = "Pods-FTUIDemoTests.release.xcconfig"; path = "Target Support Files/Pods-FTUIDemoTests/Pods-FTUIDemoTests.release.xcconfig"; sourceTree = "<group>"; };
		8232AAE1C36D464CD26716EF /* Pods-FTUIDemo.debug.xcconfig */ = {isa = PBXFileReference; includeInIndex = 1; lastKnownFileType = text.xcconfig; name = "Pods-FTUIDemo.debug.xcconfig"; path = "Target Support Files/Pods-FTUIDemo/Pods-FTUIDemo.debug.xcconfig"; sourceTree = "<group>"; };
		94A6B095643B5FD1CDF755E8 /* Pods_FTUIDemo.framework */ = {isa = PBXFileReference; explicitFileType = wrapper.framework; includeInIndex = 0; path = Pods_FTUIDemo.framework; sourceTree = BUILT_PRODUCTS_DIR; };
		B5A6EDE1E312E92334D3DC6C /* Pods-FTUIDemo-FTUIDemoUITests.release.xcconfig */ = {isa = PBXFileReference; includeInIndex = 1; lastKnownFileType = text.xcconfig; name = "Pods-FTUIDemo-FTUIDemoUITests.release.xcconfig"; path = "Target Support Files/Pods-FTUIDemo-FTUIDemoUITests/Pods-FTUIDemo-FTUIDemoUITests.release.xcconfig"; sourceTree = "<group>"; };
		BAD7B4EB2664B83600CDAA48 /* FTLabel.h */ = {isa = PBXFileReference; lastKnownFileType = sourcecode.c.h; path = FTLabel.h; sourceTree = "<group>"; };
		BAD7B4EC2664B83600CDAA48 /* FTLabel.m */ = {isa = PBXFileReference; lastKnownFileType = sourcecode.c.objc; path = FTLabel.m; sourceTree = "<group>"; };
		BAD7B5092664E80500CDAA48 /* FTUICommonDefines.h */ = {isa = PBXFileReference; fileEncoding = 4; lastKnownFileType = sourcecode.c.h; path = FTUICommonDefines.h; sourceTree = "<group>"; };
		BAE8C2C72660B799001604B3 /* FTUIDemo.app */ = {isa = PBXFileReference; explicitFileType = wrapper.application; includeInIndex = 0; path = FTUIDemo.app; sourceTree = BUILT_PRODUCTS_DIR; };
		BAE8C2CA2660B799001604B3 /* AppDelegate.h */ = {isa = PBXFileReference; lastKnownFileType = sourcecode.c.h; path = AppDelegate.h; sourceTree = "<group>"; };
		BAE8C2CB2660B799001604B3 /* AppDelegate.m */ = {isa = PBXFileReference; lastKnownFileType = sourcecode.c.objc; path = AppDelegate.m; sourceTree = "<group>"; };
		BAE8C2CD2660B799001604B3 /* SceneDelegate.h */ = {isa = PBXFileReference; lastKnownFileType = sourcecode.c.h; path = SceneDelegate.h; sourceTree = "<group>"; };
		BAE8C2CE2660B799001604B3 /* SceneDelegate.m */ = {isa = PBXFileReference; lastKnownFileType = sourcecode.c.objc; path = SceneDelegate.m; sourceTree = "<group>"; };
		BAE8C2D02660B799001604B3 /* ViewController.h */ = {isa = PBXFileReference; lastKnownFileType = sourcecode.c.h; path = ViewController.h; sourceTree = "<group>"; };
		BAE8C2D12660B799001604B3 /* ViewController.m */ = {isa = PBXFileReference; lastKnownFileType = sourcecode.c.objc; path = ViewController.m; sourceTree = "<group>"; };
		BAE8C2D42660B799001604B3 /* Base */ = {isa = PBXFileReference; lastKnownFileType = file.storyboard; name = Base; path = Base.lproj/Main.storyboard; sourceTree = "<group>"; };
		BAE8C2D62660B79B001604B3 /* Assets.xcassets */ = {isa = PBXFileReference; lastKnownFileType = folder.assetcatalog; path = Assets.xcassets; sourceTree = "<group>"; };
		BAE8C2D92660B79B001604B3 /* Base */ = {isa = PBXFileReference; lastKnownFileType = file.storyboard; name = Base; path = Base.lproj/LaunchScreen.storyboard; sourceTree = "<group>"; };
		BAE8C2DB2660B79B001604B3 /* Info.plist */ = {isa = PBXFileReference; lastKnownFileType = text.plist.xml; path = Info.plist; sourceTree = "<group>"; };
		BAE8C2DC2660B79B001604B3 /* main.m */ = {isa = PBXFileReference; lastKnownFileType = sourcecode.c.objc; path = main.m; sourceTree = "<group>"; };
		BAE8C2E22660B79C001604B3 /* FTUIDemoTests.xctest */ = {isa = PBXFileReference; explicitFileType = wrapper.cfbundle; includeInIndex = 0; path = FTUIDemoTests.xctest; sourceTree = BUILT_PRODUCTS_DIR; };
		BAE8C2E62660B79C001604B3 /* FTUIDemoTests.m */ = {isa = PBXFileReference; lastKnownFileType = sourcecode.c.objc; path = FTUIDemoTests.m; sourceTree = "<group>"; };
		BAE8C2E82660B79C001604B3 /* Info.plist */ = {isa = PBXFileReference; lastKnownFileType = text.plist.xml; path = Info.plist; sourceTree = "<group>"; };
		BAE8C2ED2660B79C001604B3 /* FTUIDemoUITests.xctest */ = {isa = PBXFileReference; explicitFileType = wrapper.cfbundle; includeInIndex = 0; path = FTUIDemoUITests.xctest; sourceTree = BUILT_PRODUCTS_DIR; };
		BAE8C2F12660B79C001604B3 /* FTUIDemoUITests.m */ = {isa = PBXFileReference; lastKnownFileType = sourcecode.c.objc; path = FTUIDemoUITests.m; sourceTree = "<group>"; };
		BAE8C2F32660B79C001604B3 /* Info.plist */ = {isa = PBXFileReference; lastKnownFileType = text.plist.xml; path = Info.plist; sourceTree = "<group>"; };
		BCE9181E0C24D2E28189EE06 /* Pods_FTUIDemo_FTUIDemoUITests.framework */ = {isa = PBXFileReference; explicitFileType = wrapper.framework; includeInIndex = 0; path = Pods_FTUIDemo_FTUIDemoUITests.framework; sourceTree = BUILT_PRODUCTS_DIR; };
/* End PBXFileReference section */

/* Begin PBXFrameworksBuildPhase section */
		BAE8C2C42660B799001604B3 /* Frameworks */ = {
			isa = PBXFrameworksBuildPhase;
			buildActionMask = 2147483647;
			files = (
				4AA9C4A1CBFAD7085FBB7D45 /* Pods_FTUIDemo.framework in Frameworks */,
			);
			runOnlyForDeploymentPostprocessing = 0;
		};
		BAE8C2DF2660B79C001604B3 /* Frameworks */ = {
			isa = PBXFrameworksBuildPhase;
			buildActionMask = 2147483647;
			files = (
				F69E618989A88725E6D55120 /* Pods_FTUIDemoTests.framework in Frameworks */,
			);
			runOnlyForDeploymentPostprocessing = 0;
		};
		BAE8C2EA2660B79C001604B3 /* Frameworks */ = {
			isa = PBXFrameworksBuildPhase;
			buildActionMask = 2147483647;
			files = (
				B9077FAB09C81D822896940A /* Pods_FTUIDemo_FTUIDemoUITests.framework in Frameworks */,
			);
			runOnlyForDeploymentPostprocessing = 0;
		};
/* End PBXFrameworksBuildPhase section */

/* Begin PBXGroup section */
		52CD1B0617C80B8AF1112584 /* Pods */ = {
			isa = PBXGroup;
			children = (
				8232AAE1C36D464CD26716EF /* Pods-FTUIDemo.debug.xcconfig */,
				5981D17590169881C92180EC /* Pods-FTUIDemo.release.xcconfig */,
				4EBC9ACAC93E32967A46CF14 /* Pods-FTUIDemo-FTUIDemoUITests.debug.xcconfig */,
				B5A6EDE1E312E92334D3DC6C /* Pods-FTUIDemo-FTUIDemoUITests.release.xcconfig */,
				57E76041B106645619FDD3C5 /* Pods-FTUIDemoTests.debug.xcconfig */,
				6873C50167EA4A892DD871E5 /* Pods-FTUIDemoTests.release.xcconfig */,
			);
			path = Pods;
			sourceTree = "<group>";
		};
		A58D0DAA88649FC87BCAFA77 /* Frameworks */ = {
			isa = PBXGroup;
			children = (
				94A6B095643B5FD1CDF755E8 /* Pods_FTUIDemo.framework */,
				BCE9181E0C24D2E28189EE06 /* Pods_FTUIDemo_FTUIDemoUITests.framework */,
				1A47BD3A3E74871785E5DF72 /* Pods_FTUIDemoTests.framework */,
			);
			name = Frameworks;
			sourceTree = "<group>";
		};
		BAD7B4EA2664B80300CDAA48 /* FTUIKit */ = {
			isa = PBXGroup;
			children = (
				BAD7B5092664E80500CDAA48 /* FTUICommonDefines.h */,
				BAD7B4EB2664B83600CDAA48 /* FTLabel.h */,
				BAD7B4EC2664B83600CDAA48 /* FTLabel.m */,
			);
			path = FTUIKit;
			sourceTree = "<group>";
		};
		BAE8C2BE2660B799001604B3 = {
			isa = PBXGroup;
			children = (
				BAE8C2C92660B799001604B3 /* FTUIDemo */,
				BAE8C2E52660B79C001604B3 /* FTUIDemoTests */,
				BAE8C2F02660B79C001604B3 /* FTUIDemoUITests */,
				BAE8C2C82660B799001604B3 /* Products */,
				52CD1B0617C80B8AF1112584 /* Pods */,
				A58D0DAA88649FC87BCAFA77 /* Frameworks */,
			);
			sourceTree = "<group>";
		};
		BAE8C2C82660B799001604B3 /* Products */ = {
			isa = PBXGroup;
			children = (
				BAE8C2C72660B799001604B3 /* FTUIDemo.app */,
				BAE8C2E22660B79C001604B3 /* FTUIDemoTests.xctest */,
				BAE8C2ED2660B79C001604B3 /* FTUIDemoUITests.xctest */,
			);
			name = Products;
			sourceTree = "<group>";
		};
		BAE8C2C92660B799001604B3 /* FTUIDemo */ = {
			isa = PBXGroup;
			children = (
				BAD7B4EA2664B80300CDAA48 /* FTUIKit */,
				BAE8C2CA2660B799001604B3 /* AppDelegate.h */,
				BAE8C2CB2660B799001604B3 /* AppDelegate.m */,
				BAE8C2CD2660B799001604B3 /* SceneDelegate.h */,
				BAE8C2CE2660B799001604B3 /* SceneDelegate.m */,
				BAE8C2D02660B799001604B3 /* ViewController.h */,
				BAE8C2D12660B799001604B3 /* ViewController.m */,
				BAE8C2D32660B799001604B3 /* Main.storyboard */,
				BAE8C2D62660B79B001604B3 /* Assets.xcassets */,
				BAE8C2D82660B79B001604B3 /* LaunchScreen.storyboard */,
				BAE8C2DB2660B79B001604B3 /* Info.plist */,
				BAE8C2DC2660B79B001604B3 /* main.m */,
			);
			path = FTUIDemo;
			sourceTree = "<group>";
		};
		BAE8C2E52660B79C001604B3 /* FTUIDemoTests */ = {
			isa = PBXGroup;
			children = (
				BAE8C2E62660B79C001604B3 /* FTUIDemoTests.m */,
				BAE8C2E82660B79C001604B3 /* Info.plist */,
			);
			path = FTUIDemoTests;
			sourceTree = "<group>";
		};
		BAE8C2F02660B79C001604B3 /* FTUIDemoUITests */ = {
			isa = PBXGroup;
			children = (
				BAE8C2F12660B79C001604B3 /* FTUIDemoUITests.m */,
				BAE8C2F32660B79C001604B3 /* Info.plist */,
			);
			path = FTUIDemoUITests;
			sourceTree = "<group>";
		};
/* End PBXGroup section */

/* Begin PBXNativeTarget section */
		BAE8C2C62660B799001604B3 /* FTUIDemo */ = {
			isa = PBXNativeTarget;
			buildConfigurationList = BAE8C2F62660B79C001604B3 /* Build configuration list for PBXNativeTarget "FTUIDemo" */;
			buildPhases = (
				DE23396EDC8B5C2C7788F240 /* [CP] Check Pods Manifest.lock */,
				BAE8C2C32660B799001604B3 /* Sources */,
				BAE8C2C42660B799001604B3 /* Frameworks */,
				BAE8C2C52660B799001604B3 /* Resources */,
				9C6342A7A23AD0849BF49DA6 /* [CP] Embed Pods Frameworks */,
			);
			buildRules = (
			);
			dependencies = (
			);
			name = FTUIDemo;
			productName = FTUIDemo;
			productReference = BAE8C2C72660B799001604B3 /* FTUIDemo.app */;
			productType = "com.apple.product-type.application";
		};
		BAE8C2E12660B79C001604B3 /* FTUIDemoTests */ = {
			isa = PBXNativeTarget;
			buildConfigurationList = BAE8C2F92660B79C001604B3 /* Build configuration list for PBXNativeTarget "FTUIDemoTests" */;
			buildPhases = (
				CD072A8B80F136D6078BF117 /* [CP] Check Pods Manifest.lock */,
				BAE8C2DE2660B79C001604B3 /* Sources */,
				BAE8C2DF2660B79C001604B3 /* Frameworks */,
				BAE8C2E02660B79C001604B3 /* Resources */,
			);
			buildRules = (
			);
			dependencies = (
				BAE8C2E42660B79C001604B3 /* PBXTargetDependency */,
			);
			name = FTUIDemoTests;
			productName = FTUIDemoTests;
			productReference = BAE8C2E22660B79C001604B3 /* FTUIDemoTests.xctest */;
			productType = "com.apple.product-type.bundle.unit-test";
		};
		BAE8C2EC2660B79C001604B3 /* FTUIDemoUITests */ = {
			isa = PBXNativeTarget;
			buildConfigurationList = BAE8C2FC2660B79C001604B3 /* Build configuration list for PBXNativeTarget "FTUIDemoUITests" */;
			buildPhases = (
				B5775343AB6CDD2BB3E0DA0B /* [CP] Check Pods Manifest.lock */,
				BAE8C2E92660B79C001604B3 /* Sources */,
				BAE8C2EA2660B79C001604B3 /* Frameworks */,
				BAE8C2EB2660B79C001604B3 /* Resources */,
				139EBFCE33AEB977F4138036 /* [CP] Embed Pods Frameworks */,
			);
			buildRules = (
			);
			dependencies = (
				BAE8C2EF2660B79C001604B3 /* PBXTargetDependency */,
			);
			name = FTUIDemoUITests;
			productName = FTUIDemoUITests;
			productReference = BAE8C2ED2660B79C001604B3 /* FTUIDemoUITests.xctest */;
			productType = "com.apple.product-type.bundle.ui-testing";
		};
/* End PBXNativeTarget section */

/* Begin PBXProject section */
		BAE8C2BF2660B799001604B3 /* Project object */ = {
			isa = PBXProject;
			attributes = {
				LastUpgradeCheck = 1240;
				TargetAttributes = {
					BAE8C2C62660B799001604B3 = {
						CreatedOnToolsVersion = 12.4;
					};
					BAE8C2E12660B79C001604B3 = {
						CreatedOnToolsVersion = 12.4;
						TestTargetID = BAE8C2C62660B799001604B3;
					};
					BAE8C2EC2660B79C001604B3 = {
						CreatedOnToolsVersion = 12.4;
						TestTargetID = BAE8C2C62660B799001604B3;
					};
				};
			};
			buildConfigurationList = BAE8C2C22660B799001604B3 /* Build configuration list for PBXProject "FTUIDemo" */;
			compatibilityVersion = "Xcode 9.3";
			developmentRegion = en;
			hasScannedForEncodings = 0;
			knownRegions = (
				en,
				Base,
			);
			mainGroup = BAE8C2BE2660B799001604B3;
			productRefGroup = BAE8C2C82660B799001604B3 /* Products */;
			projectDirPath = "";
			projectRoot = "";
			targets = (
				BAE8C2C62660B799001604B3 /* FTUIDemo */,
				BAE8C2E12660B79C001604B3 /* FTUIDemoTests */,
				BAE8C2EC2660B79C001604B3 /* FTUIDemoUITests */,
			);
		};
/* End PBXProject section */

/* Begin PBXResourcesBuildPhase section */
		BAE8C2C52660B799001604B3 /* Resources */ = {
			isa = PBXResourcesBuildPhase;
			buildActionMask = 2147483647;
			files = (
				BAE8C2DA2660B79B001604B3 /* LaunchScreen.storyboard in Resources */,
				BAE8C2D72660B79B001604B3 /* Assets.xcassets in Resources */,
				BAE8C2D52660B799001604B3 /* Main.storyboard in Resources */,
			);
			runOnlyForDeploymentPostprocessing = 0;
		};
		BAE8C2E02660B79C001604B3 /* Resources */ = {
			isa = PBXResourcesBuildPhase;
			buildActionMask = 2147483647;
			files = (
			);
			runOnlyForDeploymentPostprocessing = 0;
		};
		BAE8C2EB2660B79C001604B3 /* Resources */ = {
			isa = PBXResourcesBuildPhase;
			buildActionMask = 2147483647;
			files = (
			);
			runOnlyForDeploymentPostprocessing = 0;
		};
/* End PBXResourcesBuildPhase section */

/* Begin PBXShellScriptBuildPhase section */
		139EBFCE33AEB977F4138036 /* [CP] Embed Pods Frameworks */ = {
			isa = PBXShellScriptBuildPhase;
			buildActionMask = 2147483647;
			files = (
			);
			inputFileListPaths = (
				"${PODS_ROOT}/Target Support Files/Pods-FTUIDemo-FTUIDemoUITests/Pods-FTUIDemo-FTUIDemoUITests-frameworks-${CONFIGURATION}-input-files.xcfilelist",
			);
			name = "[CP] Embed Pods Frameworks";
			outputFileListPaths = (
				"${PODS_ROOT}/Target Support Files/Pods-FTUIDemo-FTUIDemoUITests/Pods-FTUIDemo-FTUIDemoUITests-frameworks-${CONFIGURATION}-output-files.xcfilelist",
			);
			runOnlyForDeploymentPostprocessing = 0;
			shellPath = /bin/sh;
			shellScript = "\"${PODS_ROOT}/Target Support Files/Pods-FTUIDemo-FTUIDemoUITests/Pods-FTUIDemo-FTUIDemoUITests-frameworks.sh\"\n";
			showEnvVarsInLog = 0;
		};
		9C6342A7A23AD0849BF49DA6 /* [CP] Embed Pods Frameworks */ = {
			isa = PBXShellScriptBuildPhase;
			buildActionMask = 2147483647;
			files = (
			);
			inputFileListPaths = (
				"${PODS_ROOT}/Target Support Files/Pods-FTUIDemo/Pods-FTUIDemo-frameworks-${CONFIGURATION}-input-files.xcfilelist",
			);
			name = "[CP] Embed Pods Frameworks";
			outputFileListPaths = (
				"${PODS_ROOT}/Target Support Files/Pods-FTUIDemo/Pods-FTUIDemo-frameworks-${CONFIGURATION}-output-files.xcfilelist",
			);
			runOnlyForDeploymentPostprocessing = 0;
			shellPath = /bin/sh;
			shellScript = "\"${PODS_ROOT}/Target Support Files/Pods-FTUIDemo/Pods-FTUIDemo-frameworks.sh\"\n";
			showEnvVarsInLog = 0;
		};
		B5775343AB6CDD2BB3E0DA0B /* [CP] Check Pods Manifest.lock */ = {
			isa = PBXShellScriptBuildPhase;
			buildActionMask = 2147483647;
			files = (
			);
			inputFileListPaths = (
			);
			inputPaths = (
				"${PODS_PODFILE_DIR_PATH}/Podfile.lock",
				"${PODS_ROOT}/Manifest.lock",
			);
			name = "[CP] Check Pods Manifest.lock";
			outputFileListPaths = (
			);
			outputPaths = (
				"$(DERIVED_FILE_DIR)/Pods-FTUIDemo-FTUIDemoUITests-checkManifestLockResult.txt",
			);
			runOnlyForDeploymentPostprocessing = 0;
			shellPath = /bin/sh;
			shellScript = "diff \"${PODS_PODFILE_DIR_PATH}/Podfile.lock\" \"${PODS_ROOT}/Manifest.lock\" > /dev/null\nif [ $? != 0 ] ; then\n    # print error to STDERR\n    echo \"error: The sandbox is not in sync with the Podfile.lock. Run 'pod install' or update your CocoaPods installation.\" >&2\n    exit 1\nfi\n# This output is used by Xcode 'outputs' to avoid re-running this script phase.\necho \"SUCCESS\" > \"${SCRIPT_OUTPUT_FILE_0}\"\n";
			showEnvVarsInLog = 0;
		};
		CD072A8B80F136D6078BF117 /* [CP] Check Pods Manifest.lock */ = {
			isa = PBXShellScriptBuildPhase;
			buildActionMask = 2147483647;
			files = (
			);
			inputFileListPaths = (
			);
			inputPaths = (
				"${PODS_PODFILE_DIR_PATH}/Podfile.lock",
				"${PODS_ROOT}/Manifest.lock",
			);
			name = "[CP] Check Pods Manifest.lock";
			outputFileListPaths = (
			);
			outputPaths = (
				"$(DERIVED_FILE_DIR)/Pods-FTUIDemoTests-checkManifestLockResult.txt",
			);
			runOnlyForDeploymentPostprocessing = 0;
			shellPath = /bin/sh;
			shellScript = "diff \"${PODS_PODFILE_DIR_PATH}/Podfile.lock\" \"${PODS_ROOT}/Manifest.lock\" > /dev/null\nif [ $? != 0 ] ; then\n    # print error to STDERR\n    echo \"error: The sandbox is not in sync with the Podfile.lock. Run 'pod install' or update your CocoaPods installation.\" >&2\n    exit 1\nfi\n# This output is used by Xcode 'outputs' to avoid re-running this script phase.\necho \"SUCCESS\" > \"${SCRIPT_OUTPUT_FILE_0}\"\n";
			showEnvVarsInLog = 0;
		};
		DE23396EDC8B5C2C7788F240 /* [CP] Check Pods Manifest.lock */ = {
			isa = PBXShellScriptBuildPhase;
			buildActionMask = 2147483647;
			files = (
			);
			inputFileListPaths = (
			);
			inputPaths = (
				"${PODS_PODFILE_DIR_PATH}/Podfile.lock",
				"${PODS_ROOT}/Manifest.lock",
			);
			name = "[CP] Check Pods Manifest.lock";
			outputFileListPaths = (
			);
			outputPaths = (
				"$(DERIVED_FILE_DIR)/Pods-FTUIDemo-checkManifestLockResult.txt",
			);
			runOnlyForDeploymentPostprocessing = 0;
			shellPath = /bin/sh;
			shellScript = "diff \"${PODS_PODFILE_DIR_PATH}/Podfile.lock\" \"${PODS_ROOT}/Manifest.lock\" > /dev/null\nif [ $? != 0 ] ; then\n    # print error to STDERR\n    echo \"error: The sandbox is not in sync with the Podfile.lock. Run 'pod install' or update your CocoaPods installation.\" >&2\n    exit 1\nfi\n# This output is used by Xcode 'outputs' to avoid re-running this script phase.\necho \"SUCCESS\" > \"${SCRIPT_OUTPUT_FILE_0}\"\n";
			showEnvVarsInLog = 0;
		};
/* End PBXShellScriptBuildPhase section */

/* Begin PBXSourcesBuildPhase section */
		BAE8C2C32660B799001604B3 /* Sources */ = {
			isa = PBXSourcesBuildPhase;
			buildActionMask = 2147483647;
			files = (
				BAE8C2D22660B799001604B3 /* ViewController.m in Sources */,
				BAE8C2CC2660B799001604B3 /* AppDelegate.m in Sources */,
				BAE8C2DD2660B79B001604B3 /* main.m in Sources */,
				BAD7B4ED2664B83600CDAA48 /* FTLabel.m in Sources */,
				BAE8C2CF2660B799001604B3 /* SceneDelegate.m in Sources */,
			);
			runOnlyForDeploymentPostprocessing = 0;
		};
		BAE8C2DE2660B79C001604B3 /* Sources */ = {
			isa = PBXSourcesBuildPhase;
			buildActionMask = 2147483647;
			files = (
				BAE8C2E72660B79C001604B3 /* FTUIDemoTests.m in Sources */,
			);
			runOnlyForDeploymentPostprocessing = 0;
		};
		BAE8C2E92660B79C001604B3 /* Sources */ = {
			isa = PBXSourcesBuildPhase;
			buildActionMask = 2147483647;
			files = (
				BAE8C2F22660B79C001604B3 /* FTUIDemoUITests.m in Sources */,
			);
			runOnlyForDeploymentPostprocessing = 0;
		};
/* End PBXSourcesBuildPhase section */

/* Begin PBXTargetDependency section */
		BAE8C2E42660B79C001604B3 /* PBXTargetDependency */ = {
			isa = PBXTargetDependency;
			target = BAE8C2C62660B799001604B3 /* FTUIDemo */;
			targetProxy = BAE8C2E32660B79C001604B3 /* PBXContainerItemProxy */;
		};
		BAE8C2EF2660B79C001604B3 /* PBXTargetDependency */ = {
			isa = PBXTargetDependency;
			target = BAE8C2C62660B799001604B3 /* FTUIDemo */;
			targetProxy = BAE8C2EE2660B79C001604B3 /* PBXContainerItemProxy */;
		};
/* End PBXTargetDependency section */

/* Begin PBXVariantGroup section */
		BAE8C2D32660B799001604B3 /* Main.storyboard */ = {
			isa = PBXVariantGroup;
			children = (
				BAE8C2D42660B799001604B3 /* Base */,
			);
			name = Main.storyboard;
			sourceTree = "<group>";
		};
		BAE8C2D82660B79B001604B3 /* LaunchScreen.storyboard */ = {
			isa = PBXVariantGroup;
			children = (
				BAE8C2D92660B79B001604B3 /* Base */,
			);
			name = LaunchScreen.storyboard;
			sourceTree = "<group>";
		};
/* End PBXVariantGroup section */

/* Begin XCBuildConfiguration section */
		BAE8C2F42660B79C001604B3 /* Debug */ = {
			isa = XCBuildConfiguration;
			buildSettings = {
				ALWAYS_SEARCH_USER_PATHS = NO;
				CLANG_ANALYZER_NONNULL = YES;
				CLANG_ANALYZER_NUMBER_OBJECT_CONVERSION = YES_AGGRESSIVE;
				CLANG_CXX_LANGUAGE_STANDARD = "gnu++14";
				CLANG_CXX_LIBRARY = "libc++";
				CLANG_ENABLE_MODULES = YES;
				CLANG_ENABLE_OBJC_ARC = YES;
				CLANG_ENABLE_OBJC_WEAK = YES;
				CLANG_WARN_BLOCK_CAPTURE_AUTORELEASING = YES;
				CLANG_WARN_BOOL_CONVERSION = YES;
				CLANG_WARN_COMMA = YES;
				CLANG_WARN_CONSTANT_CONVERSION = YES;
				CLANG_WARN_DEPRECATED_OBJC_IMPLEMENTATIONS = YES;
				CLANG_WARN_DIRECT_OBJC_ISA_USAGE = YES_ERROR;
				CLANG_WARN_DOCUMENTATION_COMMENTS = YES;
				CLANG_WARN_EMPTY_BODY = YES;
				CLANG_WARN_ENUM_CONVERSION = YES;
				CLANG_WARN_INFINITE_RECURSION = YES;
				CLANG_WARN_INT_CONVERSION = YES;
				CLANG_WARN_NON_LITERAL_NULL_CONVERSION = YES;
				CLANG_WARN_OBJC_IMPLICIT_RETAIN_SELF = YES;
				CLANG_WARN_OBJC_LITERAL_CONVERSION = YES;
				CLANG_WARN_OBJC_ROOT_CLASS = YES_ERROR;
				CLANG_WARN_QUOTED_INCLUDE_IN_FRAMEWORK_HEADER = YES;
				CLANG_WARN_RANGE_LOOP_ANALYSIS = YES;
				CLANG_WARN_STRICT_PROTOTYPES = YES;
				CLANG_WARN_SUSPICIOUS_MOVE = YES;
				CLANG_WARN_UNGUARDED_AVAILABILITY = YES_AGGRESSIVE;
				CLANG_WARN_UNREACHABLE_CODE = YES;
				CLANG_WARN__DUPLICATE_METHOD_MATCH = YES;
				COPY_PHASE_STRIP = NO;
				DEBUG_INFORMATION_FORMAT = dwarf;
				ENABLE_STRICT_OBJC_MSGSEND = YES;
				ENABLE_TESTABILITY = YES;
				GCC_C_LANGUAGE_STANDARD = gnu11;
				GCC_DYNAMIC_NO_PIC = NO;
				GCC_NO_COMMON_BLOCKS = YES;
				GCC_OPTIMIZATION_LEVEL = 0;
				GCC_PREPROCESSOR_DEFINITIONS = (
					"DEBUG=1",
					"$(inherited)",
				);
				GCC_WARN_64_TO_32_BIT_CONVERSION = YES;
				GCC_WARN_ABOUT_RETURN_TYPE = YES_ERROR;
				GCC_WARN_UNDECLARED_SELECTOR = YES;
				GCC_WARN_UNINITIALIZED_AUTOS = YES_AGGRESSIVE;
				GCC_WARN_UNUSED_FUNCTION = YES;
				GCC_WARN_UNUSED_VARIABLE = YES;
				IPHONEOS_DEPLOYMENT_TARGET = 9.0;
				MTL_ENABLE_DEBUG_INFO = INCLUDE_SOURCE;
				MTL_FAST_MATH = YES;
				ONLY_ACTIVE_ARCH = YES;
				SDKROOT = iphoneos;
			};
			name = Debug;
		};
		BAE8C2F52660B79C001604B3 /* Release */ = {
			isa = XCBuildConfiguration;
			buildSettings = {
				ALWAYS_SEARCH_USER_PATHS = NO;
				CLANG_ANALYZER_NONNULL = YES;
				CLANG_ANALYZER_NUMBER_OBJECT_CONVERSION = YES_AGGRESSIVE;
				CLANG_CXX_LANGUAGE_STANDARD = "gnu++14";
				CLANG_CXX_LIBRARY = "libc++";
				CLANG_ENABLE_MODULES = YES;
				CLANG_ENABLE_OBJC_ARC = YES;
				CLANG_ENABLE_OBJC_WEAK = YES;
				CLANG_WARN_BLOCK_CAPTURE_AUTORELEASING = YES;
				CLANG_WARN_BOOL_CONVERSION = YES;
				CLANG_WARN_COMMA = YES;
				CLANG_WARN_CONSTANT_CONVERSION = YES;
				CLANG_WARN_DEPRECATED_OBJC_IMPLEMENTATIONS = YES;
				CLANG_WARN_DIRECT_OBJC_ISA_USAGE = YES_ERROR;
				CLANG_WARN_DOCUMENTATION_COMMENTS = YES;
				CLANG_WARN_EMPTY_BODY = YES;
				CLANG_WARN_ENUM_CONVERSION = YES;
				CLANG_WARN_INFINITE_RECURSION = YES;
				CLANG_WARN_INT_CONVERSION = YES;
				CLANG_WARN_NON_LITERAL_NULL_CONVERSION = YES;
				CLANG_WARN_OBJC_IMPLICIT_RETAIN_SELF = YES;
				CLANG_WARN_OBJC_LITERAL_CONVERSION = YES;
				CLANG_WARN_OBJC_ROOT_CLASS = YES_ERROR;
				CLANG_WARN_QUOTED_INCLUDE_IN_FRAMEWORK_HEADER = YES;
				CLANG_WARN_RANGE_LOOP_ANALYSIS = YES;
				CLANG_WARN_STRICT_PROTOTYPES = YES;
				CLANG_WARN_SUSPICIOUS_MOVE = YES;
				CLANG_WARN_UNGUARDED_AVAILABILITY = YES_AGGRESSIVE;
				CLANG_WARN_UNREACHABLE_CODE = YES;
				CLANG_WARN__DUPLICATE_METHOD_MATCH = YES;
				COPY_PHASE_STRIP = NO;
				DEBUG_INFORMATION_FORMAT = "dwarf-with-dsym";
				ENABLE_NS_ASSERTIONS = NO;
				ENABLE_STRICT_OBJC_MSGSEND = YES;
				GCC_C_LANGUAGE_STANDARD = gnu11;
				GCC_NO_COMMON_BLOCKS = YES;
				GCC_WARN_64_TO_32_BIT_CONVERSION = YES;
				GCC_WARN_ABOUT_RETURN_TYPE = YES_ERROR;
				GCC_WARN_UNDECLARED_SELECTOR = YES;
				GCC_WARN_UNINITIALIZED_AUTOS = YES_AGGRESSIVE;
				GCC_WARN_UNUSED_FUNCTION = YES;
				GCC_WARN_UNUSED_VARIABLE = YES;
				IPHONEOS_DEPLOYMENT_TARGET = 9.0;
				MTL_ENABLE_DEBUG_INFO = NO;
				MTL_FAST_MATH = YES;
				SDKROOT = iphoneos;
				VALIDATE_PRODUCT = YES;
			};
			name = Release;
		};
		BAE8C2F72660B79C001604B3 /* Debug */ = {
			isa = XCBuildConfiguration;
			baseConfigurationReference = 8232AAE1C36D464CD26716EF /* Pods-FTUIDemo.debug.xcconfig */;
			buildSettings = {
				ASSETCATALOG_COMPILER_APPICON_NAME = AppIcon;
				ASSETCATALOG_COMPILER_GLOBAL_ACCENT_COLOR_NAME = AccentColor;
				CODE_SIGN_STYLE = Automatic;
				INFOPLIST_FILE = FTUIDemo/Info.plist;
				LD_RUNPATH_SEARCH_PATHS = (
					"$(inherited)",
					"@executable_path/Frameworks",
				);
				PRODUCT_BUNDLE_IDENTIFIER = com.ca.fantuan.customer.FTUIDemo;
				PRODUCT_NAME = "$(TARGET_NAME)";
				TARGETED_DEVICE_FAMILY = "1,2";
			};
			name = Debug;
		};
		BAE8C2F82660B79C001604B3 /* Release */ = {
			isa = XCBuildConfiguration;
			baseConfigurationReference = 5981D17590169881C92180EC /* Pods-FTUIDemo.release.xcconfig */;
			buildSettings = {
				ASSETCATALOG_COMPILER_APPICON_NAME = AppIcon;
				ASSETCATALOG_COMPILER_GLOBAL_ACCENT_COLOR_NAME = AccentColor;
				CODE_SIGN_STYLE = Automatic;
				INFOPLIST_FILE = FTUIDemo/Info.plist;
				LD_RUNPATH_SEARCH_PATHS = (
					"$(inherited)",
					"@executable_path/Frameworks",
				);
				PRODUCT_BUNDLE_IDENTIFIER = com.ca.fantuan.customer.FTUIDemo;
				PRODUCT_NAME = "$(TARGET_NAME)";
				TARGETED_DEVICE_FAMILY = "1,2";
			};
			name = Release;
		};
		BAE8C2FA2660B79C001604B3 /* Debug */ = {
			isa = XCBuildConfiguration;
			baseConfigurationReference = 57E76041B106645619FDD3C5 /* Pods-FTUIDemoTests.debug.xcconfig */;
			buildSettings = {
				BUNDLE_LOADER = "$(TEST_HOST)";
				CODE_SIGN_STYLE = Automatic;
				INFOPLIST_FILE = FTUIDemoTests/Info.plist;
				IPHONEOS_DEPLOYMENT_TARGET = 14.4;
				LD_RUNPATH_SEARCH_PATHS = (
					"$(inherited)",
					"@executable_path/Frameworks",
					"@loader_path/Frameworks",
				);
				PRODUCT_BUNDLE_IDENTIFIER = com.ca.fantuan.customer.FTUIDemoTests;
				PRODUCT_NAME = "$(TARGET_NAME)";
				TARGETED_DEVICE_FAMILY = "1,2";
				TEST_HOST = "$(BUILT_PRODUCTS_DIR)/FTUIDemo.app/FTUIDemo";
			};
			name = Debug;
		};
		BAE8C2FB2660B79C001604B3 /* Release */ = {
			isa = XCBuildConfiguration;
			baseConfigurationReference = 6873C50167EA4A892DD871E5 /* Pods-FTUIDemoTests.release.xcconfig */;
			buildSettings = {
				BUNDLE_LOADER = "$(TEST_HOST)";
				CODE_SIGN_STYLE = Automatic;
				INFOPLIST_FILE = FTUIDemoTests/Info.plist;
				IPHONEOS_DEPLOYMENT_TARGET = 14.4;
				LD_RUNPATH_SEARCH_PATHS = (
					"$(inherited)",
					"@executable_path/Frameworks",
					"@loader_path/Frameworks",
				);
				PRODUCT_BUNDLE_IDENTIFIER = com.ca.fantuan.customer.FTUIDemoTests;
				PRODUCT_NAME = "$(TARGET_NAME)";
				TARGETED_DEVICE_FAMILY = "1,2";
				TEST_HOST = "$(BUILT_PRODUCTS_DIR)/FTUIDemo.app/FTUIDemo";
			};
			name = Release;
		};
		BAE8C2FD2660B79C001604B3 /* Debug */ = {
			isa = XCBuildConfiguration;
			baseConfigurationReference = 4EBC9ACAC93E32967A46CF14 /* Pods-FTUIDemo-FTUIDemoUITests.debug.xcconfig */;
			buildSettings = {
				CODE_SIGN_STYLE = Automatic;
				INFOPLIST_FILE = FTUIDemoUITests/Info.plist;
				LD_RUNPATH_SEARCH_PATHS = (
					"$(inherited)",
					"@executable_path/Frameworks",
					"@loader_path/Frameworks",
				);
				PRODUCT_BUNDLE_IDENTIFIER = com.ca.fantuan.customer.FTUIDemoUITests;
				PRODUCT_NAME = "$(TARGET_NAME)";
				TARGETED_DEVICE_FAMILY = "1,2";
				TEST_TARGET_NAME = FTUIDemo;
			};
			name = Debug;
		};
		BAE8C2FE2660B79C001604B3 /* Release */ = {
			isa = XCBuildConfiguration;
			baseConfigurationReference = B5A6EDE1E312E92334D3DC6C /* Pods-FTUIDemo-FTUIDemoUITests.release.xcconfig */;
			buildSettings = {
				CODE_SIGN_STYLE = Automatic;
				INFOPLIST_FILE = FTUIDemoUITests/Info.plist;
				LD_RUNPATH_SEARCH_PATHS = (
					"$(inherited)",
					"@executable_path/Frameworks",
					"@loader_path/Frameworks",
				);
				PRODUCT_BUNDLE_IDENTIFIER = com.ca.fantuan.customer.FTUIDemoUITests;
				PRODUCT_NAME = "$(TARGET_NAME)";
				TARGETED_DEVICE_FAMILY = "1,2";
				TEST_TARGET_NAME = FTUIDemo;
			};
			name = Release;
		};
/* End XCBuildConfiguration section */

/* Begin XCConfigurationList section */
		BAE8C2C22660B799001604B3 /* Build configuration list for PBXProject "FTUIDemo" */ = {
			isa = XCConfigurationList;
			buildConfigurations = (
				BAE8C2F42660B79C001604B3 /* Debug */,
				BAE8C2F52660B79C001604B3 /* Release */,
			);
			defaultConfigurationIsVisible = 0;
			defaultConfigurationName = Release;
		};
		BAE8C2F62660B79C001604B3 /* Build configuration list for PBXNativeTarget "FTUIDemo" */ = {
			isa = XCConfigurationList;
			buildConfigurations = (
				BAE8C2F72660B79C001604B3 /* Debug */,
				BAE8C2F82660B79C001604B3 /* Release */,
			);
			defaultConfigurationIsVisible = 0;
			defaultConfigurationName = Release;
		};
		BAE8C2F92660B79C001604B3 /* Build configuration list for PBXNativeTarget "FTUIDemoTests" */ = {
			isa = XCConfigurationList;
			buildConfigurations = (
				BAE8C2FA2660B79C001604B3 /* Debug */,
				BAE8C2FB2660B79C001604B3 /* Release */,
			);
			defaultConfigurationIsVisible = 0;
			defaultConfigurationName = Release;
		};
		BAE8C2FC2660B79C001604B3 /* Build configuration list for PBXNativeTarget "FTUIDemoUITests" */ = {
			isa = XCConfigurationList;
			buildConfigurations = (
				BAE8C2FD2660B79C001604B3 /* Debug */,
				BAE8C2FE2660B79C001604B3 /* Release */,
			);
			defaultConfigurationIsVisible = 0;
			defaultConfigurationName = Release;
		};
/* End XCConfigurationList section */
	};
	rootObject = BAE8C2BF2660B799001604B3 /* Project object */;
}
